
Microsoft Visual Studio Solution File, Format Version 12.00
# Visual Studio 14
VisualStudioVersion = 14.0.24720.0
MinimumVisualStudioVersion = 10.0.40219.1
Project("{9092AA53-FB77-4645-B42D-1CCCA6BD08BD}") = "game-tournament", "game-tournament.njsproj", "{9F7C7FFD-949C-4984-8960-7A6B5E128B0C}"
EndProject
Global
	GlobalSection(SolutionConfigurationPlatforms) = preSolution
		Debug|Any CPU = Debug|Any CPU
		Release|Any CPU = Release|Any CPU
	EndGlobalSection
	GlobalSection(ProjectConfigurationPlatforms) = postSolution
		{9F7C7FFD-949C-4984-8960-7A6B5E128B0C}.Debug|Any CPU.ActiveCfg = Debug|Any CPU
		{9F7C7FFD-949C-4984-8960-7A6B5E128B0C}.Debug|Any CPU.Build.0 = Debug|Any CPU
		{9F7C7FFD-949C-4984-8960-7A6B5E128B0C}.Release|Any CPU.ActiveCfg = Release|Any CPU
		{9F7C7FFD-949C-4984-8960-7A6B5E128B0C}.Release|Any CPU.Build.0 = Release|Any CPU
	EndGlobalSection
	GlobalSection(SolutionProperties) = preSolution
		HideSolutionNode = FALSE
	EndGlobalSection
EndGlobal
